
Microsoft Visual Studio Solution File, Format Version 12.00
# Visual Studio Version 16
VisualStudioVersion = 16.0.30611.23
MinimumVisualStudioVersion = 10.0.40219.1
Project("{FAE04EC0-301F-11D3-BF4B-00C04F79EFBC}") = "praqtikuli1", "praqtikuli1\praqtikuli1.csproj", "{5CB5375A-4EB2-4B85-ADF0-A93C588BC7A9}"
EndProject
Global
	GlobalSection(SolutionConfigurationPlatforms) = preSolution
		Debug|Any CPU = Debug|Any CPU
		Release|Any CPU = Release|Any CPU
	EndGlobalSection
	GlobalSection(ProjectConfigurationPlatforms) = postSolution
		{5CB5375A-4EB2-4B85-ADF0-A93C588BC7A9}.Debug|Any CPU.ActiveCfg = Debug|Any CPU
		{5CB5375A-4EB2-4B85-ADF0-A93C588BC7A9}.Debug|Any CPU.Build.0 = Debug|Any CPU
		{5CB5375A-4EB2-4B85-ADF0-A93C588BC7A9}.Release|Any CPU.ActiveCfg = Release|Any CPU
		{5CB5375A-4EB2-4B85-ADF0-A93C588BC7A9}.Release|Any CPU.Build.0 = Release|Any CPU
	EndGlobalSection
	GlobalSection(SolutionProperties) = preSolution
		HideSolutionNode = FALSE
	EndGlobalSection
	GlobalSection(ExtensibilityGlobals) = postSolution
		SolutionGuid = {F2552600-C667-4C20-992C-2EE7A52D9FB0}
	EndGlobalSection
EndGlobal
